
Microsoft Visual Studio Solution File, Format Version 12.00
Project("{FAE04EC0-301F-11D3-BF4B-00C04F79EFBC}") = "Tic-Tac-Toe.Web", "Tic-Tac-Toe.Web\Tic-Tac-Toe.Web.csproj", "{DFEAF087-9A57-492B-B776-F3B117591676}"
EndProject
Global
	GlobalSection(SolutionConfigurationPlatforms) = preSolution
		Debug|Any CPU = Debug|Any CPU
		Release|Any CPU = Release|Any CPU
	EndGlobalSection
	GlobalSection(ProjectConfigurationPlatforms) = postSolution
		{DFEAF087-9A57-492B-B776-F3B117591676}.Debug|Any CPU.ActiveCfg = Debug|Any CPU
		{DFEAF087-9A57-492B-B776-F3B117591676}.Debug|Any CPU.Build.0 = Debug|Any CPU
		{DFEAF087-9A57-492B-B776-F3B117591676}.Release|Any CPU.ActiveCfg = Release|Any CPU
		{DFEAF087-9A57-492B-B776-F3B117591676}.Release|Any CPU.Build.0 = Release|Any CPU
	EndGlobalSection
EndGlobal
